
Microsoft Visual Studio Solution File, Format Version 12.00
# Visual Studio Version 16
VisualStudioVersion = 16.0.29806.167
MinimumVisualStudioVersion = 10.0.40219.1
Project("{2150E333-8FDC-42A3-9474-1A3956D46DE8}") = "01.Cliente", "01.Cliente", "{7DC21E95-B5B6-4948-9CC3-48B075FE5EE5}"
EndProject
Project("{2150E333-8FDC-42A3-9474-1A3956D46DE8}") = "02.Modelo", "02.Modelo", "{870D1350-6E04-4009-ABE8-A49AC49E54A2}"
EndProject
Project("{2150E333-8FDC-42A3-9474-1A3956D46DE8}") = "03.Servicios", "03.Servicios", "{B06FEF30-8A7E-4CA2-B827-64B92C777712}"
EndProject
Project("{2150E333-8FDC-42A3-9474-1A3956D46DE8}") = "04.UnitOfWork", "04.UnitOfWork", "{079990A2-1B0E-4829-88FA-B561123341A1}"
EndProject
Project("{2150E333-8FDC-42A3-9474-1A3956D46DE8}") = "05.Repositorios", "05.Repositorios", "{630C384D-113A-402A-BA84-32BA360EC210}"
EndProject
Project("{2150E333-8FDC-42A3-9474-1A3956D46DE8}") = "06.Utilitarios", "06.Utilitarios", "{A6A03E15-A32F-4A1B-9685-B926368382D7}"
EndProject
Project("{FAE04EC0-301F-11D3-BF4B-00C04F79EFBC}") = "Cliente.Api", "Cliente.Api\Cliente.Api.csproj", "{9AEF2628-4002-4E7B-AA41-BDF8B262877A}"
EndProject
Project("{FAE04EC0-301F-11D3-BF4B-00C04F79EFBC}") = "Entidades", "Entidades\Entidades.csproj", "{AC88FA4F-E584-459A-9C1A-2593A3F99606}"
EndProject
Project("{FAE04EC0-301F-11D3-BF4B-00C04F79EFBC}") = "Servicios", "Servicios\Servicios.csproj", "{326853CF-1D32-4B4C-9DB9-3F3611FC2698}"
EndProject
Project("{FAE04EC0-301F-11D3-BF4B-00C04F79EFBC}") = "UoW.Interface", "UoW.Interface\UoW.Interface.csproj", "{FB860AD7-8BA7-45D2-8902-F7CEFA795DAC}"
EndProject
Project("{FAE04EC0-301F-11D3-BF4B-00C04F79EFBC}") = "UoW.SqlServer", "UoW.SqlServer\UoW.SqlServer.csproj", "{49E554E3-1C9C-4215-B064-B0CEAA6B3C48}"
EndProject
Project("{FAE04EC0-301F-11D3-BF4B-00C04F79EFBC}") = "Repositorio.Interfaces", "Repositorio.Interfaces\Repositorio.Interfaces.csproj", "{03C6C10F-F3C7-49FF-B034-76D8960C1548}"
EndProject
Project("{FAE04EC0-301F-11D3-BF4B-00C04F79EFBC}") = "Repositorio.SqlServer", "Repositorio.SqlServer\Repositorio.SqlServer.csproj", "{71D1C740-FE89-4187-8032-787FB60B0D0A}"
EndProject
Project("{FAE04EC0-301F-11D3-BF4B-00C04F79EFBC}") = "Utilitarios", "Utilitarios\Utilitarios.csproj", "{B48817CB-CF09-465E-AC37-2F60643AAF69}"
EndProject
Global
	GlobalSection(SolutionConfigurationPlatforms) = preSolution
		Debug|Any CPU = Debug|Any CPU
		Release|Any CPU = Release|Any CPU
	EndGlobalSection
	GlobalSection(ProjectConfigurationPlatforms) = postSolution
		{9AEF2628-4002-4E7B-AA41-BDF8B262877A}.Debug|Any CPU.ActiveCfg = Debug|Any CPU
		{9AEF2628-4002-4E7B-AA41-BDF8B262877A}.Debug|Any CPU.Build.0 = Debug|Any CPU
		{9AEF2628-4002-4E7B-AA41-BDF8B262877A}.Release|Any CPU.ActiveCfg = Release|Any CPU
		{9AEF2628-4002-4E7B-AA41-BDF8B262877A}.Release|Any CPU.Build.0 = Release|Any CPU
		{AC88FA4F-E584-459A-9C1A-2593A3F99606}.Debug|Any CPU.ActiveCfg = Debug|Any CPU
		{AC88FA4F-E584-459A-9C1A-2593A3F99606}.Debug|Any CPU.Build.0 = Debug|Any CPU
		{AC88FA4F-E584-459A-9C1A-2593A3F99606}.Release|Any CPU.ActiveCfg = Release|Any CPU
		{AC88FA4F-E584-459A-9C1A-2593A3F99606}.Release|Any CPU.Build.0 = Release|Any CPU
		{326853CF-1D32-4B4C-9DB9-3F3611FC2698}.Debug|Any CPU.ActiveCfg = Debug|Any CPU
		{326853CF-1D32-4B4C-9DB9-3F3611FC2698}.Debug|Any CPU.Build.0 = Debug|Any CPU
		{326853CF-1D32-4B4C-9DB9-3F3611FC2698}.Release|Any CPU.ActiveCfg = Release|Any CPU
		{326853CF-1D32-4B4C-9DB9-3F3611FC2698}.Release|Any CPU.Build.0 = Release|Any CPU
		{FB860AD7-8BA7-45D2-8902-F7CEFA795DAC}.Debug|Any CPU.ActiveCfg = Debug|Any CPU
		{FB860AD7-8BA7-45D2-8902-F7CEFA795DAC}.Debug|Any CPU.Build.0 = Debug|Any CPU
		{FB860AD7-8BA7-45D2-8902-F7CEFA795DAC}.Release|Any CPU.ActiveCfg = Release|Any CPU
		{FB860AD7-8BA7-45D2-8902-F7CEFA795DAC}.Release|Any CPU.Build.0 = Release|Any CPU
		{49E554E3-1C9C-4215-B064-B0CEAA6B3C48}.Debug|Any CPU.ActiveCfg = Debug|Any CPU
		{49E554E3-1C9C-4215-B064-B0CEAA6B3C48}.Debug|Any CPU.Build.0 = Debug|Any CPU
		{49E554E3-1C9C-4215-B064-B0CEAA6B3C48}.Release|Any CPU.ActiveCfg = Release|Any CPU
		{49E554E3-1C9C-4215-B064-B0CEAA6B3C48}.Release|Any CPU.Build.0 = Release|Any CPU
		{03C6C10F-F3C7-49FF-B034-76D8960C1548}.Debug|Any CPU.ActiveCfg = Debug|Any CPU
		{03C6C10F-F3C7-49FF-B034-76D8960C1548}.Debug|Any CPU.Build.0 = Debug|Any CPU
		{03C6C10F-F3C7-49FF-B034-76D8960C1548}.Release|Any CPU.ActiveCfg = Release|Any CPU
		{03C6C10F-F3C7-49FF-B034-76D8960C1548}.Release|Any CPU.Build.0 = Release|Any CPU
		{71D1C740-FE89-4187-8032-787FB60B0D0A}.Debug|Any CPU.ActiveCfg = Debug|Any CPU
		{71D1C740-FE89-4187-8032-787FB60B0D0A}.Debug|Any CPU.Build.0 = Debug|Any CPU
		{71D1C740-FE89-4187-8032-787FB60B0D0A}.Release|Any CPU.ActiveCfg = Release|Any CPU
		{71D1C740-FE89-4187-8032-787FB60B0D0A}.Release|Any CPU.Build.0 = Release|Any CPU
		{B48817CB-CF09-465E-AC37-2F60643AAF69}.Debug|Any CPU.ActiveCfg = Debug|Any CPU
		{B48817CB-CF09-465E-AC37-2F60643AAF69}.Debug|Any CPU.Build.0 = Debug|Any CPU
		{B48817CB-CF09-465E-AC37-2F60643AAF69}.Release|Any CPU.ActiveCfg = Release|Any CPU
		{B48817CB-CF09-465E-AC37-2F60643AAF69}.Release|Any CPU.Build.0 = Release|Any CPU
	EndGlobalSection
	GlobalSection(SolutionProperties) = preSolution
		HideSolutionNode = FALSE
	EndGlobalSection
	GlobalSection(NestedProjects) = preSolution
		{9AEF2628-4002-4E7B-AA41-BDF8B262877A} = {7DC21E95-B5B6-4948-9CC3-48B075FE5EE5}
		{AC88FA4F-E584-459A-9C1A-2593A3F99606} = {870D1350-6E04-4009-ABE8-A49AC49E54A2}
		{326853CF-1D32-4B4C-9DB9-3F3611FC2698} = {B06FEF30-8A7E-4CA2-B827-64B92C777712}
		{FB860AD7-8BA7-45D2-8902-F7CEFA795DAC} = {079990A2-1B0E-4829-88FA-B561123341A1}
		{49E554E3-1C9C-4215-B064-B0CEAA6B3C48} = {079990A2-1B0E-4829-88FA-B561123341A1}
		{03C6C10F-F3C7-49FF-B034-76D8960C1548} = {630C384D-113A-402A-BA84-32BA360EC210}
		{71D1C740-FE89-4187-8032-787FB60B0D0A} = {630C384D-113A-402A-BA84-32BA360EC210}
		{B48817CB-CF09-465E-AC37-2F60643AAF69} = {A6A03E15-A32F-4A1B-9685-B926368382D7}
	EndGlobalSection
	GlobalSection(ExtensibilityGlobals) = postSolution
		SolutionGuid = {3F0EDE36-4D5B-4F69-98F3-A8564FC81F98}
	EndGlobalSection
EndGlobal
